
Microsoft Visual Studio Solution File, Format Version 12.00
# Visual Studio 2013
VisualStudioVersion = 12.0.21005.1
MinimumVisualStudioVersion = 10.0.40219.1
Project("{FAE04EC0-301F-11D3-BF4B-00C04F79EFBC}") = "CLASS-01", "CLASS-01\CLASS-01.csproj", "{FCC515C0-8CFC-4965-913E-B91190107917}"
EndProject
Global
	GlobalSection(SolutionConfigurationPlatforms) = preSolution
		Debug|Any CPU = Debug|Any CPU
		Release|Any CPU = Release|Any CPU
	EndGlobalSection
	GlobalSection(ProjectConfigurationPlatforms) = postSolution
		{FCC515C0-8CFC-4965-913E-B91190107917}.Debug|Any CPU.ActiveCfg = Debug|Any CPU
		{FCC515C0-8CFC-4965-913E-B91190107917}.Debug|Any CPU.Build.0 = Debug|Any CPU
		{FCC515C0-8CFC-4965-913E-B91190107917}.Release|Any CPU.ActiveCfg = Release|Any CPU
		{FCC515C0-8CFC-4965-913E-B91190107917}.Release|Any CPU.Build.0 = Release|Any CPU
	EndGlobalSection
	GlobalSection(SolutionProperties) = preSolution
		HideSolutionNode = FALSE
	EndGlobalSection
EndGlobal
